
Microsoft Visual Studio Solution File, Format Version 12.00
# Visual Studio 15
VisualStudioVersion = 15.0.28307.1062
MinimumVisualStudioVersion = 10.0.40219.1
Project("{9A19103F-16F7-4668-BE54-9A1E7A4F7556}") = "RestServer", "WebApplication1\RestServer.csproj", "{4356EE3C-3EC6-4C54-BFE2-E5144229E112}"
EndProject
Global
	GlobalSection(SolutionConfigurationPlatforms) = preSolution
		Debug|Any CPU = Debug|Any CPU
		Release|Any CPU = Release|Any CPU
	EndGlobalSection
	GlobalSection(ProjectConfigurationPlatforms) = postSolution
		{4356EE3C-3EC6-4C54-BFE2-E5144229E112}.Debug|Any CPU.ActiveCfg = Debug|Any CPU
		{4356EE3C-3EC6-4C54-BFE2-E5144229E112}.Debug|Any CPU.Build.0 = Debug|Any CPU
		{4356EE3C-3EC6-4C54-BFE2-E5144229E112}.Release|Any CPU.ActiveCfg = Release|Any CPU
		{4356EE3C-3EC6-4C54-BFE2-E5144229E112}.Release|Any CPU.Build.0 = Release|Any CPU
	EndGlobalSection
	GlobalSection(SolutionProperties) = preSolution
		HideSolutionNode = FALSE
	EndGlobalSection
	GlobalSection(ExtensibilityGlobals) = postSolution
		SolutionGuid = {335D5DDF-D5B1-4F71-89C2-F3A8CB401641}
	EndGlobalSection
EndGlobal
